
Microsoft Visual Studio Solution File, Format Version 12.00
# Visual Studio 14
VisualStudioVersion = 14.0.25420.1
MinimumVisualStudioVersion = 10.0.40219.1
Project("{FAE04EC0-301F-11D3-BF4B-00C04F79EFBC}") = "AdventureTime", "AdventureTime\AdventureTime.csproj", "{A88C387C-392B-4142-84A0-9C39D90ABDBE}"
EndProject
Global
	GlobalSection(SolutionConfigurationPlatforms) = preSolution
		Debug|Any CPU = Debug|Any CPU
		Release|Any CPU = Release|Any CPU
	EndGlobalSection
	GlobalSection(ProjectConfigurationPlatforms) = postSolution
		{A88C387C-392B-4142-84A0-9C39D90ABDBE}.Debug|Any CPU.ActiveCfg = Debug|Any CPU
		{A88C387C-392B-4142-84A0-9C39D90ABDBE}.Debug|Any CPU.Build.0 = Debug|Any CPU
		{A88C387C-392B-4142-84A0-9C39D90ABDBE}.Release|Any CPU.ActiveCfg = Release|Any CPU
		{A88C387C-392B-4142-84A0-9C39D90ABDBE}.Release|Any CPU.Build.0 = Release|Any CPU
	EndGlobalSection
	GlobalSection(SolutionProperties) = preSolution
		HideSolutionNode = FALSE
	EndGlobalSection
EndGlobal
